
Microsoft Visual Studio Solution File, Format Version 12.00
# Visual Studio Version 16
VisualStudioVersion = 16.0.31205.134
MinimumVisualStudioVersion = 10.0.40219.1
Project("{9A19103F-16F7-4668-BE54-9A1E7A4F7556}") = "ColorContraster", "ColorContraster\ColorContraster.csproj", "{131FBFDE-040A-45E7-95FE-39A10A6E795B}"
EndProject
Project("{9A19103F-16F7-4668-BE54-9A1E7A4F7556}") = "Logic", "Logic\Logic.csproj", "{5AA59D3D-7F24-4DA7-A76B-88DC732F2E4C}"
EndProject
Project("{9A19103F-16F7-4668-BE54-9A1E7A4F7556}") = "TestLogic", "TestLogic\TestLogic.csproj", "{A4123075-80D8-4C85-86D9-A3C26120180A}"
EndProject
Project("{9A19103F-16F7-4668-BE54-9A1E7A4F7556}") = "Storage", "Storage\Storage.csproj", "{445233A7-712F-4522-B3B3-F2AC12029EFF}"
EndProject
Project("{54435603-DBB4-11D2-8724-00A0C9A8B90C}") = "Setup", "Setup\Setup.vdproj", "{A4AB86CF-F650-4CB4-A522-9521CFAB0450}"
EndProject
Project("{FAE04EC0-301F-11D3-BF4B-00C04F79EFBC}") = "UWPColor", "UWPColor\UWPColor.csproj", "{51022F40-0C57-4FFD-81B6-346A7E8A1491}"
EndProject
Global
	GlobalSection(SolutionConfigurationPlatforms) = preSolution
		Debug|Any CPU = Debug|Any CPU
		Debug|ARM = Debug|ARM
		Debug|ARM64 = Debug|ARM64
		Debug|x64 = Debug|x64
		Debug|x86 = Debug|x86
		Release|Any CPU = Release|Any CPU
		Release|ARM = Release|ARM
		Release|ARM64 = Release|ARM64
		Release|x64 = Release|x64
		Release|x86 = Release|x86
	EndGlobalSection
	GlobalSection(ProjectConfigurationPlatforms) = postSolution
		{131FBFDE-040A-45E7-95FE-39A10A6E795B}.Debug|Any CPU.ActiveCfg = Debug|Any CPU
		{131FBFDE-040A-45E7-95FE-39A10A6E795B}.Debug|Any CPU.Build.0 = Debug|Any CPU
		{131FBFDE-040A-45E7-95FE-39A10A6E795B}.Debug|ARM.ActiveCfg = Debug|Any CPU
		{131FBFDE-040A-45E7-95FE-39A10A6E795B}.Debug|ARM.Build.0 = Debug|Any CPU
		{131FBFDE-040A-45E7-95FE-39A10A6E795B}.Debug|ARM64.ActiveCfg = Debug|Any CPU
		{131FBFDE-040A-45E7-95FE-39A10A6E795B}.Debug|ARM64.Build.0 = Debug|Any CPU
		{131FBFDE-040A-45E7-95FE-39A10A6E795B}.Debug|x64.ActiveCfg = Debug|Any CPU
		{131FBFDE-040A-45E7-95FE-39A10A6E795B}.Debug|x64.Build.0 = Debug|Any CPU
		{131FBFDE-040A-45E7-95FE-39A10A6E795B}.Debug|x86.ActiveCfg = Debug|Any CPU
		{131FBFDE-040A-45E7-95FE-39A10A6E795B}.Debug|x86.Build.0 = Debug|Any CPU
		{131FBFDE-040A-45E7-95FE-39A10A6E795B}.Release|Any CPU.ActiveCfg = Release|Any CPU
		{131FBFDE-040A-45E7-95FE-39A10A6E795B}.Release|Any CPU.Build.0 = Release|Any CPU
		{131FBFDE-040A-45E7-95FE-39A10A6E795B}.Release|ARM.ActiveCfg = Release|Any CPU
		{131FBFDE-040A-45E7-95FE-39A10A6E795B}.Release|ARM.Build.0 = Release|Any CPU
		{131FBFDE-040A-45E7-95FE-39A10A6E795B}.Release|ARM64.ActiveCfg = Release|Any CPU
		{131FBFDE-040A-45E7-95FE-39A10A6E795B}.Release|ARM64.Build.0 = Release|Any CPU
		{131FBFDE-040A-45E7-95FE-39A10A6E795B}.Release|x64.ActiveCfg = Release|Any CPU
		{131FBFDE-040A-45E7-95FE-39A10A6E795B}.Release|x64.Build.0 = Release|Any CPU
		{131FBFDE-040A-45E7-95FE-39A10A6E795B}.Release|x86.ActiveCfg = Release|Any CPU
		{131FBFDE-040A-45E7-95FE-39A10A6E795B}.Release|x86.Build.0 = Release|Any CPU
		{5AA59D3D-7F24-4DA7-A76B-88DC732F2E4C}.Debug|Any CPU.ActiveCfg = Debug|Any CPU
		{5AA59D3D-7F24-4DA7-A76B-88DC732F2E4C}.Debug|Any CPU.Build.0 = Debug|Any CPU
		{5AA59D3D-7F24-4DA7-A76B-88DC732F2E4C}.Debug|ARM.ActiveCfg = Debug|Any CPU
		{5AA59D3D-7F24-4DA7-A76B-88DC732F2E4C}.Debug|ARM.Build.0 = Debug|Any CPU
		{5AA59D3D-7F24-4DA7-A76B-88DC732F2E4C}.Debug|ARM64.ActiveCfg = Debug|Any CPU
		{5AA59D3D-7F24-4DA7-A76B-88DC732F2E4C}.Debug|ARM64.Build.0 = Debug|Any CPU
		{5AA59D3D-7F24-4DA7-A76B-88DC732F2E4C}.Debug|x64.ActiveCfg = Debug|Any CPU
		{5AA59D3D-7F24-4DA7-A76B-88DC732F2E4C}.Debug|x64.Build.0 = Debug|Any CPU
		{5AA59D3D-7F24-4DA7-A76B-88DC732F2E4C}.Debug|x86.ActiveCfg = Debug|Any CPU
		{5AA59D3D-7F24-4DA7-A76B-88DC732F2E4C}.Debug|x86.Build.0 = Debug|Any CPU
		{5AA59D3D-7F24-4DA7-A76B-88DC732F2E4C}.Release|Any CPU.ActiveCfg = Release|Any CPU
		{5AA59D3D-7F24-4DA7-A76B-88DC732F2E4C}.Release|Any CPU.Build.0 = Release|Any CPU
		{5AA59D3D-7F24-4DA7-A76B-88DC732F2E4C}.Release|ARM.ActiveCfg = Release|Any CPU
		{5AA59D3D-7F24-4DA7-A76B-88DC732F2E4C}.Release|ARM.Build.0 = Release|Any CPU
		{5AA59D3D-7F24-4DA7-A76B-88DC732F2E4C}.Release|ARM64.ActiveCfg = Release|Any CPU
		{5AA59D3D-7F24-4DA7-A76B-88DC732F2E4C}.Release|ARM64.Build.0 = Release|Any CPU
		{5AA59D3D-7F24-4DA7-A76B-88DC732F2E4C}.Release|x64.ActiveCfg = Release|Any CPU
		{5AA59D3D-7F24-4DA7-A76B-88DC732F2E4C}.Release|x64.Build.0 = Release|Any CPU
		{5AA59D3D-7F24-4DA7-A76B-88DC732F2E4C}.Release|x86.ActiveCfg = Release|Any CPU
		{5AA59D3D-7F24-4DA7-A76B-88DC732F2E4C}.Release|x86.Build.0 = Release|Any CPU
		{A4123075-80D8-4C85-86D9-A3C26120180A}.Debug|Any CPU.ActiveCfg = Debug|Any CPU
		{A4123075-80D8-4C85-86D9-A3C26120180A}.Debug|Any CPU.Build.0 = Debug|Any CPU
		{A4123075-80D8-4C85-86D9-A3C26120180A}.Debug|ARM.ActiveCfg = Debug|Any CPU
		{A4123075-80D8-4C85-86D9-A3C26120180A}.Debug|ARM.Build.0 = Debug|Any CPU
		{A4123075-80D8-4C85-86D9-A3C26120180A}.Debug|ARM64.ActiveCfg = Debug|Any CPU
		{A4123075-80D8-4C85-86D9-A3C26120180A}.Debug|ARM64.Build.0 = Debug|Any CPU
		{A4123075-80D8-4C85-86D9-A3C26120180A}.Debug|x64.ActiveCfg = Debug|Any CPU
		{A4123075-80D8-4C85-86D9-A3C26120180A}.Debug|x64.Build.0 = Debug|Any CPU
		{A4123075-80D8-4C85-86D9-A3C26120180A}.Debug|x86.ActiveCfg = Debug|Any CPU
		{A4123075-80D8-4C85-86D9-A3C26120180A}.Debug|x86.Build.0 = Debug|Any CPU
		{A4123075-80D8-4C85-86D9-A3C26120180A}.Release|Any CPU.ActiveCfg = Release|Any CPU
		{A4123075-80D8-4C85-86D9-A3C26120180A}.Release|Any CPU.Build.0 = Release|Any CPU
		{A4123075-80D8-4C85-86D9-A3C26120180A}.Release|ARM.ActiveCfg = Release|Any CPU
		{A4123075-80D8-4C85-86D9-A3C26120180A}.Release|ARM.Build.0 = Release|Any CPU
		{A4123075-80D8-4C85-86D9-A3C26120180A}.Release|ARM64.ActiveCfg = Release|Any CPU
		{A4123075-80D8-4C85-86D9-A3C26120180A}.Release|ARM64.Build.0 = Release|Any CPU
		{A4123075-80D8-4C85-86D9-A3C26120180A}.Release|x64.ActiveCfg = Release|Any CPU
		{A4123075-80D8-4C85-86D9-A3C26120180A}.Release|x64.Build.0 = Release|Any CPU
		{A4123075-80D8-4C85-86D9-A3C26120180A}.Release|x86.ActiveCfg = Release|Any CPU
		{A4123075-80D8-4C85-86D9-A3C26120180A}.Release|x86.Build.0 = Release|Any CPU
		{445233A7-712F-4522-B3B3-F2AC12029EFF}.Debug|Any CPU.ActiveCfg = Debug|Any CPU
		{445233A7-712F-4522-B3B3-F2AC12029EFF}.Debug|Any CPU.Build.0 = Debug|Any CPU
		{445233A7-712F-4522-B3B3-F2AC12029EFF}.Debug|ARM.ActiveCfg = Debug|Any CPU
		{445233A7-712F-4522-B3B3-F2AC12029EFF}.Debug|ARM.Build.0 = Debug|Any CPU
		{445233A7-712F-4522-B3B3-F2AC12029EFF}.Debug|ARM64.ActiveCfg = Debug|Any CPU
		{445233A7-712F-4522-B3B3-F2AC12029EFF}.Debug|ARM64.Build.0 = Debug|Any CPU
		{445233A7-712F-4522-B3B3-F2AC12029EFF}.Debug|x64.ActiveCfg = Debug|Any CPU
		{445233A7-712F-4522-B3B3-F2AC12029EFF}.Debug|x64.Build.0 = Debug|Any CPU
		{445233A7-712F-4522-B3B3-F2AC12029EFF}.Debug|x86.ActiveCfg = Debug|Any CPU
		{445233A7-712F-4522-B3B3-F2AC12029EFF}.Debug|x86.Build.0 = Debug|Any CPU
		{445233A7-712F-4522-B3B3-F2AC12029EFF}.Release|Any CPU.ActiveCfg = Release|Any CPU
		{445233A7-712F-4522-B3B3-F2AC12029EFF}.Release|Any CPU.Build.0 = Release|Any CPU
		{445233A7-712F-4522-B3B3-F2AC12029EFF}.Release|ARM.ActiveCfg = Release|Any CPU
		{445233A7-712F-4522-B3B3-F2AC12029EFF}.Release|ARM.Build.0 = Release|Any CPU
		{445233A7-712F-4522-B3B3-F2AC12029EFF}.Release|ARM64.ActiveCfg = Release|Any CPU
		{445233A7-712F-4522-B3B3-F2AC12029EFF}.Release|ARM64.Build.0 = Release|Any CPU
		{445233A7-712F-4522-B3B3-F2AC12029EFF}.Release|x64.ActiveCfg = Release|Any CPU
		{445233A7-712F-4522-B3B3-F2AC12029EFF}.Release|x64.Build.0 = Release|Any CPU
		{445233A7-712F-4522-B3B3-F2AC12029EFF}.Release|x86.ActiveCfg = Release|Any CPU
		{445233A7-712F-4522-B3B3-F2AC12029EFF}.Release|x86.Build.0 = Release|Any CPU
		{A4AB86CF-F650-4CB4-A522-9521CFAB0450}.Debug|Any CPU.ActiveCfg = Debug
		{A4AB86CF-F650-4CB4-A522-9521CFAB0450}.Debug|ARM.ActiveCfg = Debug
		{A4AB86CF-F650-4CB4-A522-9521CFAB0450}.Debug|ARM.Build.0 = Debug
		{A4AB86CF-F650-4CB4-A522-9521CFAB0450}.Debug|ARM64.ActiveCfg = Debug
		{A4AB86CF-F650-4CB4-A522-9521CFAB0450}.Debug|ARM64.Build.0 = Debug
		{A4AB86CF-F650-4CB4-A522-9521CFAB0450}.Debug|x64.ActiveCfg = Debug
		{A4AB86CF-F650-4CB4-A522-9521CFAB0450}.Debug|x64.Build.0 = Debug
		{A4AB86CF-F650-4CB4-A522-9521CFAB0450}.Debug|x86.ActiveCfg = Debug
		{A4AB86CF-F650-4CB4-A522-9521CFAB0450}.Debug|x86.Build.0 = Debug
		{A4AB86CF-F650-4CB4-A522-9521CFAB0450}.Release|Any CPU.ActiveCfg = Release
		{A4AB86CF-F650-4CB4-A522-9521CFAB0450}.Release|ARM.ActiveCfg = Release
		{A4AB86CF-F650-4CB4-A522-9521CFAB0450}.Release|ARM.Build.0 = Release
		{A4AB86CF-F650-4CB4-A522-9521CFAB0450}.Release|ARM64.ActiveCfg = Release
		{A4AB86CF-F650-4CB4-A522-9521CFAB0450}.Release|ARM64.Build.0 = Release
		{A4AB86CF-F650-4CB4-A522-9521CFAB0450}.Release|x64.ActiveCfg = Release
		{A4AB86CF-F650-4CB4-A522-9521CFAB0450}.Release|x64.Build.0 = Release
		{A4AB86CF-F650-4CB4-A522-9521CFAB0450}.Release|x86.ActiveCfg = Release
		{A4AB86CF-F650-4CB4-A522-9521CFAB0450}.Release|x86.Build.0 = Release
		{51022F40-0C57-4FFD-81B6-346A7E8A1491}.Debug|Any CPU.ActiveCfg = Debug|x86
		{51022F40-0C57-4FFD-81B6-346A7E8A1491}.Debug|ARM.ActiveCfg = Debug|ARM
		{51022F40-0C57-4FFD-81B6-346A7E8A1491}.Debug|ARM.Build.0 = Debug|ARM
		{51022F40-0C57-4FFD-81B6-346A7E8A1491}.Debug|ARM.Deploy.0 = Debug|ARM
		{51022F40-0C57-4FFD-81B6-346A7E8A1491}.Debug|ARM64.ActiveCfg = Debug|ARM64
		{51022F40-0C57-4FFD-81B6-346A7E8A1491}.Debug|ARM64.Build.0 = Debug|ARM64
		{51022F40-0C57-4FFD-81B6-346A7E8A1491}.Debug|ARM64.Deploy.0 = Debug|ARM64
		{51022F40-0C57-4FFD-81B6-346A7E8A1491}.Debug|x64.ActiveCfg = Debug|x64
		{51022F40-0C57-4FFD-81B6-346A7E8A1491}.Debug|x64.Build.0 = Debug|x64
		{51022F40-0C57-4FFD-81B6-346A7E8A1491}.Debug|x64.Deploy.0 = Debug|x64
		{51022F40-0C57-4FFD-81B6-346A7E8A1491}.Debug|x86.ActiveCfg = Debug|x86
		{51022F40-0C57-4FFD-81B6-346A7E8A1491}.Debug|x86.Build.0 = Debug|x86
		{51022F40-0C57-4FFD-81B6-346A7E8A1491}.Debug|x86.Deploy.0 = Debug|x86
		{51022F40-0C57-4FFD-81B6-346A7E8A1491}.Release|Any CPU.ActiveCfg = Release|x86
		{51022F40-0C57-4FFD-81B6-346A7E8A1491}.Release|ARM.ActiveCfg = Release|ARM
		{51022F40-0C57-4FFD-81B6-346A7E8A1491}.Release|ARM.Build.0 = Release|ARM
		{51022F40-0C57-4FFD-81B6-346A7E8A1491}.Release|ARM.Deploy.0 = Release|ARM
		{51022F40-0C57-4FFD-81B6-346A7E8A1491}.Release|ARM64.ActiveCfg = Release|ARM64
		{51022F40-0C57-4FFD-81B6-346A7E8A1491}.Release|ARM64.Build.0 = Release|ARM64
		{51022F40-0C57-4FFD-81B6-346A7E8A1491}.Release|ARM64.Deploy.0 = Release|ARM64
		{51022F40-0C57-4FFD-81B6-346A7E8A1491}.Release|x64.ActiveCfg = Release|x64
		{51022F40-0C57-4FFD-81B6-346A7E8A1491}.Release|x64.Build.0 = Release|x64
		{51022F40-0C57-4FFD-81B6-346A7E8A1491}.Release|x64.Deploy.0 = Release|x64
		{51022F40-0C57-4FFD-81B6-346A7E8A1491}.Release|x86.ActiveCfg = Release|x86
		{51022F40-0C57-4FFD-81B6-346A7E8A1491}.Release|x86.Build.0 = Release|x86
		{51022F40-0C57-4FFD-81B6-346A7E8A1491}.Release|x86.Deploy.0 = Release|x86
	EndGlobalSection
	GlobalSection(SolutionProperties) = preSolution
		HideSolutionNode = FALSE
	EndGlobalSection
	GlobalSection(ExtensibilityGlobals) = postSolution
		SolutionGuid = {06C128BD-EBA4-4903-B745-8C36622E3474}
	EndGlobalSection
EndGlobal
